// !$*UTF8*$!
{
	archiveVersion = 1;
	classes = {
	};
	objectVersion = 52;
	objects = {

/* Begin PBXBuildFile section */
		777D6F61258A26A00020F5C3 /* AppDelegate.swift in Sources */ = {isa = PBXBuildFile; fileRef = 777D6F60258A26A00020F5C3 /* AppDelegate.swift */; };
		777D6F63258A26A00020F5C3 /* SceneDelegate.swift in Sources */ = {isa = PBXBuildFile; fileRef = 777D6F62258A26A00020F5C3 /* SceneDelegate.swift */; };
		777D6F65258A26A00020F5C3 /* ViewController.swift in Sources */ = {isa = PBXBuildFile; fileRef = 777D6F64258A26A00020F5C3 /* ViewController.swift */; };
		777D6F68258A26A00020F5C3 /* Main.storyboard in Resources */ = {isa = PBXBuildFile; fileRef = 777D6F66258A26A00020F5C3 /* Main.storyboard */; };
		777D6F6A258A26A20020F5C3 /* Assets.xcassets in Resources */ = {isa = PBXBuildFile; fileRef = 777D6F69258A26A20020F5C3 /* Assets.xcassets */; };
		777D6F6D258A26A20020F5C3 /* LaunchScreen.storyboard in Resources */ = {isa = PBXBuildFile; fileRef = 777D6F6B258A26A20020F5C3 /* LaunchScreen.storyboard */; };
		777D6F76258A27EA0020F5C3 /* AppCoordinator.swift in Sources */ = {isa = PBXBuildFile; fileRef = 777D6F75258A27EA0020F5C3 /* AppCoordinator.swift */; };
		777D6F7B258A2F110020F5C3 /* ObjectRecognitionViewController.swift in Sources */ = {isa = PBXBuildFile; fileRef = 777D6F7A258A2F110020F5C3 /* ObjectRecognitionViewController.swift */; };
		777D6F7E258A2FD30020F5C3 /* YOLOv3FP16.mlmodel in Sources */ = {isa = PBXBuildFile; fileRef = 777D6F7D258A2FD20020F5C3 /* YOLOv3FP16.mlmodel */; };
		9324E982258BDE68007475FE /* UIColor+Palette.swift.swift in Sources */ = {isa = PBXBuildFile; fileRef = 9324E981258BDE68007475FE /* UIColor+Palette.swift.swift */; };
		9325DD8D258D3C4B00494E5B /* RxSwift in Frameworks */ = {isa = PBXBuildFile; productRef = 9325DD8C258D3C4B00494E5B /* RxSwift */; };
		9325DD8F258D3C4B00494E5B /* RxRelay in Frameworks */ = {isa = PBXBuildFile; productRef = 9325DD8E258D3C4B00494E5B /* RxRelay */; };
		9325DD91258D3C4B00494E5B /* RxCocoa in Frameworks */ = {isa = PBXBuildFile; productRef = 9325DD90258D3C4B00494E5B /* RxCocoa */; };
		9325DD97258D3CC500494E5B /* RxGesture in Frameworks */ = {isa = PBXBuildFile; productRef = 9325DD96258D3CC500494E5B /* RxGesture */; };
		9330492E258A82CC00AC3C91 /* DetectionViewModel.swift in Sources */ = {isa = PBXBuildFile; fileRef = 9330492D258A82CC00AC3C91 /* DetectionViewModel.swift */; };
		93F5F658258D2CCE00A4B172 /* SettingsViewController.swift in Sources */ = {isa = PBXBuildFile; fileRef = 93F5F657258D2CCE00A4B172 /* SettingsViewController.swift */; };
/* End PBXBuildFile section */

/* Begin PBXFileReference section */
		777D6F5D258A26A00020F5C3 /* MobileObjectDetector.app */ = {isa = PBXFileReference; explicitFileType = wrapper.application; includeInIndex = 0; path = MobileObjectDetector.app; sourceTree = BUILT_PRODUCTS_DIR; };
		777D6F60258A26A00020F5C3 /* AppDelegate.swift */ = {isa = PBXFileReference; lastKnownFileType = sourcecode.swift; path = AppDelegate.swift; sourceTree = "<group>"; };
		777D6F62258A26A00020F5C3 /* SceneDelegate.swift */ = {isa = PBXFileReference; lastKnownFileType = sourcecode.swift; path = SceneDelegate.swift; sourceTree = "<group>"; };
		777D6F64258A26A00020F5C3 /* ViewController.swift */ = {isa = PBXFileReference; lastKnownFileType = sourcecode.swift; path = ViewController.swift; sourceTree = "<group>"; };
		777D6F67258A26A00020F5C3 /* Base */ = {isa = PBXFileReference; lastKnownFileType = file.storyboard; name = Base; path = Base.lproj/Main.storyboard; sourceTree = "<group>"; };
		777D6F69258A26A20020F5C3 /* Assets.xcassets */ = {isa = PBXFileReference; lastKnownFileType = folder.assetcatalog; path = Assets.xcassets; sourceTree = "<group>"; };
		777D6F6C258A26A20020F5C3 /* Base */ = {isa = PBXFileReference; lastKnownFileType = file.storyboard; name = Base; path = Base.lproj/LaunchScreen.storyboard; sourceTree = "<group>"; };
		777D6F6E258A26A20020F5C3 /* Info.plist */ = {isa = PBXFileReference; lastKnownFileType = text.plist.xml; path = Info.plist; sourceTree = "<group>"; };
		777D6F75258A27EA0020F5C3 /* AppCoordinator.swift */ = {isa = PBXFileReference; lastKnownFileType = sourcecode.swift; path = AppCoordinator.swift; sourceTree = "<group>"; };
		777D6F7A258A2F110020F5C3 /* ObjectRecognitionViewController.swift */ = {isa = PBXFileReference; lastKnownFileType = sourcecode.swift; path = ObjectRecognitionViewController.swift; sourceTree = "<group>"; };
		777D6F7D258A2FD20020F5C3 /* YOLOv3FP16.mlmodel */ = {isa = PBXFileReference; lastKnownFileType = file.mlmodel; path = YOLOv3FP16.mlmodel; sourceTree = "<group>"; };
		9324E981258BDE68007475FE /* UIColor+Palette.swift.swift */ = {isa = PBXFileReference; lastKnownFileType = sourcecode.swift; path = "UIColor+Palette.swift.swift"; sourceTree = "<group>"; };
		9330492D258A82CC00AC3C91 /* DetectionViewModel.swift */ = {isa = PBXFileReference; lastKnownFileType = sourcecode.swift; path = DetectionViewModel.swift; sourceTree = "<group>"; };
		93F5F657258D2CCE00A4B172 /* SettingsViewController.swift */ = {isa = PBXFileReference; lastKnownFileType = sourcecode.swift; path = SettingsViewController.swift; sourceTree = "<group>"; };
/* End PBXFileReference section */

/* Begin PBXFrameworksBuildPhase section */
		777D6F5A258A26A00020F5C3 /* Frameworks */ = {
			isa = PBXFrameworksBuildPhase;
			buildActionMask = 2147483647;
			files = (
				9325DD91258D3C4B00494E5B /* RxCocoa in Frameworks */,
				9325DD8F258D3C4B00494E5B /* RxRelay in Frameworks */,
				9325DD97258D3CC500494E5B /* RxGesture in Frameworks */,
				9325DD8D258D3C4B00494E5B /* RxSwift in Frameworks */,
			);
			runOnlyForDeploymentPostprocessing = 0;
		};
/* End PBXFrameworksBuildPhase section */

/* Begin PBXGroup section */
		777D6F54258A26A00020F5C3 = {
			isa = PBXGroup;
			children = (
				777D6F5F258A26A00020F5C3 /* MobileObjectDetector */,
				777D6F5E258A26A00020F5C3 /* Products */,
			);
			sourceTree = "<group>";
		};
		777D6F5E258A26A00020F5C3 /* Products */ = {
			isa = PBXGroup;
			children = (
				777D6F5D258A26A00020F5C3 /* MobileObjectDetector.app */,
			);
			name = Products;
			sourceTree = "<group>";
		};
		777D6F5F258A26A00020F5C3 /* MobileObjectDetector */ = {
			isa = PBXGroup;
			children = (
				777D6F78258A2C760020F5C3 /* Base */,
				9324E980258BDE5C007475FE /* Extensions */,
				93F5F656258D2BF000A4B172 /* ViewModel */,
				93F5F655258D2BEB00A4B172 /* View */,
				777D6F66258A26A00020F5C3 /* Main.storyboard */,
				777D6F6B258A26A20020F5C3 /* LaunchScreen.storyboard */,
				777D6F69258A26A20020F5C3 /* Assets.xcassets */,
				777D6F6E258A26A20020F5C3 /* Info.plist */,
				777D6F7D258A2FD20020F5C3 /* YOLOv3FP16.mlmodel */,
			);
			path = MobileObjectDetector;
			sourceTree = "<group>";
		};
		777D6F78258A2C760020F5C3 /* Base */ = {
			isa = PBXGroup;
			children = (
				777D6F60258A26A00020F5C3 /* AppDelegate.swift */,
				777D6F62258A26A00020F5C3 /* SceneDelegate.swift */,
				777D6F75258A27EA0020F5C3 /* AppCoordinator.swift */,
			);
			path = Base;
			sourceTree = "<group>";
		};
		9324E980258BDE5C007475FE /* Extensions */ = {
			isa = PBXGroup;
			children = (
				9324E981258BDE68007475FE /* UIColor+Palette.swift.swift */,
			);
			path = Extensions;
			sourceTree = "<group>";
		};
		93F5F655258D2BEB00A4B172 /* View */ = {
			isa = PBXGroup;
			children = (
				777D6F64258A26A00020F5C3 /* ViewController.swift */,
				777D6F7A258A2F110020F5C3 /* ObjectRecognitionViewController.swift */,
				93F5F657258D2CCE00A4B172 /* SettingsViewController.swift */,
			);
			path = View;
			sourceTree = "<group>";
		};
		93F5F656258D2BF000A4B172 /* ViewModel */ = {
			isa = PBXGroup;
			children = (
				9330492D258A82CC00AC3C91 /* DetectionViewModel.swift */,
			);
			path = ViewModel;
			sourceTree = "<group>";
		};
/* End PBXGroup section */

/* Begin PBXNativeTarget section */
		777D6F5C258A26A00020F5C3 /* MobileObjectDetector */ = {
			isa = PBXNativeTarget;
			buildConfigurationList = 777D6F71258A26A20020F5C3 /* Build configuration list for PBXNativeTarget "MobileObjectDetector" */;
			buildPhases = (
				777D6F59258A26A00020F5C3 /* Sources */,
				777D6F5A258A26A00020F5C3 /* Frameworks */,
				777D6F5B258A26A00020F5C3 /* Resources */,
			);
			buildRules = (
			);
			dependencies = (
				9324E978258BD84E007475FE /* PBXTargetDependency */,
				9324E97A258BD84E007475FE /* PBXTargetDependency */,
				9324E97C258BD84E007475FE /* PBXTargetDependency */,
			);
			name = MobileObjectDetector;
			packageProductDependencies = (
				9325DD8C258D3C4B00494E5B /* RxSwift */,
				9325DD8E258D3C4B00494E5B /* RxRelay */,
				9325DD90258D3C4B00494E5B /* RxCocoa */,
				9325DD96258D3CC500494E5B /* RxGesture */,
			);
			productName = MobileObjectDetector;
			productReference = 777D6F5D258A26A00020F5C3 /* MobileObjectDetector.app */;
			productType = "com.apple.product-type.application";
		};
/* End PBXNativeTarget section */

/* Begin PBXProject section */
		777D6F55258A26A00020F5C3 /* Project object */ = {
			isa = PBXProject;
			attributes = {
				LastSwiftUpdateCheck = 1220;
				LastUpgradeCheck = 1220;
				TargetAttributes = {
					777D6F5C258A26A00020F5C3 = {
						CreatedOnToolsVersion = 12.2;
					};
				};
			};
			buildConfigurationList = 777D6F58258A26A00020F5C3 /* Build configuration list for PBXProject "MobileObjectDetector" */;
			compatibilityVersion = "Xcode 9.3";
			developmentRegion = en;
			hasScannedForEncodings = 0;
			knownRegions = (
				en,
				Base,
			);
			mainGroup = 777D6F54258A26A00020F5C3;
			packageReferences = (
				9325DD8B258D3C4B00494E5B /* XCRemoteSwiftPackageReference "RxSwift" */,
				9325DD95258D3CC500494E5B /* XCRemoteSwiftPackageReference "RxGesture" */,
			);
			productRefGroup = 777D6F5E258A26A00020F5C3 /* Products */;
			projectDirPath = "";
			projectRoot = "";
			targets = (
				777D6F5C258A26A00020F5C3 /* MobileObjectDetector */,
			);
		};
/* End PBXProject section */

/* Begin PBXResourcesBuildPhase section */
		777D6F5B258A26A00020F5C3 /* Resources */ = {
			isa = PBXResourcesBuildPhase;
			buildActionMask = 2147483647;
			files = (
				777D6F6D258A26A20020F5C3 /* LaunchScreen.storyboard in Resources */,
				777D6F6A258A26A20020F5C3 /* Assets.xcassets in Resources */,
				777D6F68258A26A00020F5C3 /* Main.storyboard in Resources */,
			);
			runOnlyForDeploymentPostprocessing = 0;
		};
/* End PBXResourcesBuildPhase section */

/* Begin PBXSourcesBuildPhase section */
		777D6F59258A26A00020F5C3 /* Sources */ = {
			isa = PBXSourcesBuildPhase;
			buildActionMask = 2147483647;
			files = (
				9324E982258BDE68007475FE /* UIColor+Palette.swift.swift in Sources */,
				777D6F7B258A2F110020F5C3 /* ObjectRecognitionViewController.swift in Sources */,
				777D6F76258A27EA0020F5C3 /* AppCoordinator.swift in Sources */,
				777D6F65258A26A00020F5C3 /* ViewController.swift in Sources */,
				9330492E258A82CC00AC3C91 /* DetectionViewModel.swift in Sources */,
				777D6F61258A26A00020F5C3 /* AppDelegate.swift in Sources */,
				777D6F63258A26A00020F5C3 /* SceneDelegate.swift in Sources */,
				777D6F7E258A2FD30020F5C3 /* YOLOv3FP16.mlmodel in Sources */,
				93F5F658258D2CCE00A4B172 /* SettingsViewController.swift in Sources */,
			);
			runOnlyForDeploymentPostprocessing = 0;
		};
/* End PBXSourcesBuildPhase section */

/* Begin PBXTargetDependency section */
		9324E978258BD84E007475FE /* PBXTargetDependency */ = {
			isa = PBXTargetDependency;
			productRef = 9324E977258BD84E007475FE /* RxCocoa */;
		};
		9324E97A258BD84E007475FE /* PBXTargetDependency */ = {
			isa = PBXTargetDependency;
			productRef = 9324E979258BD84E007475FE /* RxRelay */;
		};
		9324E97C258BD84E007475FE /* PBXTargetDependency */ = {
			isa = PBXTargetDependency;
			productRef = 9324E97B258BD84E007475FE /* RxSwift */;
		};
/* End PBXTargetDependency section */

/* Begin PBXVariantGroup section */
		777D6F66258A26A00020F5C3 /* Main.storyboard */ = {
			isa = PBXVariantGroup;
			children = (
				777D6F67258A26A00020F5C3 /* Base */,
			);
			name = Main.storyboard;
			sourceTree = "<group>";
		};
		777D6F6B258A26A20020F5C3 /* LaunchScreen.storyboard */ = {
			isa = PBXVariantGroup;
			children = (
				777D6F6C258A26A20020F5C3 /* Base */,
			);
			name = LaunchScreen.storyboard;
			sourceTree = "<group>";
		};
/* End PBXVariantGroup section */

/* Begin XCBuildConfiguration section */
		777D6F6F258A26A20020F5C3 /* Debug */ = {
			isa = XCBuildConfiguration;
			buildSettings = {
				ALWAYS_SEARCH_USER_PATHS = NO;
				CLANG_ANALYZER_NONNULL = YES;
				CLANG_ANALYZER_NUMBER_OBJECT_CONVERSION = YES_AGGRESSIVE;
				CLANG_CXX_LANGUAGE_STANDARD = "gnu++14";
				CLANG_CXX_LIBRARY = "libc++";
				CLANG_ENABLE_MODULES = YES;
				CLANG_ENABLE_OBJC_ARC = YES;
				CLANG_ENABLE_OBJC_WEAK = YES;
				CLANG_WARN_BLOCK_CAPTURE_AUTORELEASING = YES;
				CLANG_WARN_BOOL_CONVERSION = YES;
				CLANG_WARN_COMMA = YES;
				CLANG_WARN_CONSTANT_CONVERSION = YES;
				CLANG_WARN_DEPRECATED_OBJC_IMPLEMENTATIONS = YES;
				CLANG_WARN_DIRECT_OBJC_ISA_USAGE = YES_ERROR;
				CLANG_WARN_DOCUMENTATION_COMMENTS = YES;
				CLANG_WARN_EMPTY_BODY = YES;
				CLANG_WARN_ENUM_CONVERSION = YES;
				CLANG_WARN_INFINITE_RECURSION = YES;
				CLANG_WARN_INT_CONVERSION = YES;
				CLANG_WARN_NON_LITERAL_NULL_CONVERSION = YES;
				CLANG_WARN_OBJC_IMPLICIT_RETAIN_SELF = YES;
				CLANG_WARN_OBJC_LITERAL_CONVERSION = YES;
				CLANG_WARN_OBJC_ROOT_CLASS = YES_ERROR;
				CLANG_WARN_QUOTED_INCLUDE_IN_FRAMEWORK_HEADER = YES;
				CLANG_WARN_RANGE_LOOP_ANALYSIS = YES;
				CLANG_WARN_STRICT_PROTOTYPES = YES;
				CLANG_WARN_SUSPICIOUS_MOVE = YES;
				CLANG_WARN_UNGUARDED_AVAILABILITY = YES_AGGRESSIVE;
				CLANG_WARN_UNREACHABLE_CODE = YES;
				CLANG_WARN__DUPLICATE_METHOD_MATCH = YES;
				COPY_PHASE_STRIP = NO;
				DEBUG_INFORMATION_FORMAT = dwarf;
				ENABLE_STRICT_OBJC_MSGSEND = YES;
				ENABLE_TESTABILITY = YES;
				GCC_C_LANGUAGE_STANDARD = gnu11;
				GCC_DYNAMIC_NO_PIC = NO;
				GCC_NO_COMMON_BLOCKS = YES;
				GCC_OPTIMIZATION_LEVEL = 0;
				GCC_PREPROCESSOR_DEFINITIONS = (
					"DEBUG=1",
					"$(inherited)",
				);
				GCC_WARN_64_TO_32_BIT_CONVERSION = YES;
				GCC_WARN_ABOUT_RETURN_TYPE = YES_ERROR;
				GCC_WARN_UNDECLARED_SELECTOR = YES;
				GCC_WARN_UNINITIALIZED_AUTOS = YES_AGGRESSIVE;
				GCC_WARN_UNUSED_FUNCTION = YES;
				GCC_WARN_UNUSED_VARIABLE = YES;
				IPHONEOS_DEPLOYMENT_TARGET = 14.0;
				MTL_ENABLE_DEBUG_INFO = INCLUDE_SOURCE;
				MTL_FAST_MATH = YES;
				ONLY_ACTIVE_ARCH = YES;
				SDKROOT = iphoneos;
				SWIFT_ACTIVE_COMPILATION_CONDITIONS = DEBUG;
				SWIFT_OPTIMIZATION_LEVEL = "-Onone";
			};
			name = Debug;
		};
		777D6F70258A26A20020F5C3 /* Release */ = {
			isa = XCBuildConfiguration;
			buildSettings = {
				ALWAYS_SEARCH_USER_PATHS = NO;
				CLANG_ANALYZER_NONNULL = YES;
				CLANG_ANALYZER_NUMBER_OBJECT_CONVERSION = YES_AGGRESSIVE;
				CLANG_CXX_LANGUAGE_STANDARD = "gnu++14";
				CLANG_CXX_LIBRARY = "libc++";
				CLANG_ENABLE_MODULES = YES;
				CLANG_ENABLE_OBJC_ARC = YES;
				CLANG_ENABLE_OBJC_WEAK = YES;
				CLANG_WARN_BLOCK_CAPTURE_AUTORELEASING = YES;
				CLANG_WARN_BOOL_CONVERSION = YES;
				CLANG_WARN_COMMA = YES;
				CLANG_WARN_CONSTANT_CONVERSION = YES;
				CLANG_WARN_DEPRECATED_OBJC_IMPLEMENTATIONS = YES;
				CLANG_WARN_DIRECT_OBJC_ISA_USAGE = YES_ERROR;
				CLANG_WARN_DOCUMENTATION_COMMENTS = YES;
				CLANG_WARN_EMPTY_BODY = YES;
				CLANG_WARN_ENUM_CONVERSION = YES;
				CLANG_WARN_INFINITE_RECURSION = YES;
				CLANG_WARN_INT_CONVERSION = YES;
				CLANG_WARN_NON_LITERAL_NULL_CONVERSION = YES;
				CLANG_WARN_OBJC_IMPLICIT_RETAIN_SELF = YES;
				CLANG_WARN_OBJC_LITERAL_CONVERSION = YES;
				CLANG_WARN_OBJC_ROOT_CLASS = YES_ERROR;
				CLANG_WARN_QUOTED_INCLUDE_IN_FRAMEWORK_HEADER = YES;
				CLANG_WARN_RANGE_LOOP_ANALYSIS = YES;
				CLANG_WARN_STRICT_PROTOTYPES = YES;
				CLANG_WARN_SUSPICIOUS_MOVE = YES;
				CLANG_WARN_UNGUARDED_AVAILABILITY = YES_AGGRESSIVE;
				CLANG_WARN_UNREACHABLE_CODE = YES;
				CLANG_WARN__DUPLICATE_METHOD_MATCH = YES;
				COPY_PHASE_STRIP = NO;
				DEBUG_INFORMATION_FORMAT = "dwarf-with-dsym";
				ENABLE_NS_ASSERTIONS = NO;
				ENABLE_STRICT_OBJC_MSGSEND = YES;
				GCC_C_LANGUAGE_STANDARD = gnu11;
				GCC_NO_COMMON_BLOCKS = YES;
				GCC_WARN_64_TO_32_BIT_CONVERSION = YES;
				GCC_WARN_ABOUT_RETURN_TYPE = YES_ERROR;
				GCC_WARN_UNDECLARED_SELECTOR = YES;
				GCC_WARN_UNINITIALIZED_AUTOS = YES_AGGRESSIVE;
				GCC_WARN_UNUSED_FUNCTION = YES;
				GCC_WARN_UNUSED_VARIABLE = YES;
				IPHONEOS_DEPLOYMENT_TARGET = 14.0;
				MTL_ENABLE_DEBUG_INFO = NO;
				MTL_FAST_MATH = YES;
				SDKROOT = iphoneos;
				SWIFT_COMPILATION_MODE = wholemodule;
				SWIFT_OPTIMIZATION_LEVEL = "-O";
				VALIDATE_PRODUCT = YES;
			};
			name = Release;
		};
		777D6F72258A26A20020F5C3 /* Debug */ = {
			isa = XCBuildConfiguration;
			buildSettings = {
				ASSETCATALOG_COMPILER_APPICON_NAME = AppIcon;
				ASSETCATALOG_COMPILER_GLOBAL_ACCENT_COLOR_NAME = AccentColor;
				CODE_SIGN_STYLE = Automatic;
				DEVELOPMENT_TEAM = W7PJV9H8MC;
				INFOPLIST_FILE = MobileObjectDetector/Info.plist;
				LD_RUNPATH_SEARCH_PATHS = (
					"$(inherited)",
					"@executable_path/Frameworks",
				);
				PRODUCT_BUNDLE_IDENTIFIER = com.d.dluznevskij.MobileObjectDetector;
				PRODUCT_NAME = "$(TARGET_NAME)";
				SWIFT_VERSION = 5.0;
				TARGETED_DEVICE_FAMILY = "1,2";
			};
			name = Debug;
		};
		777D6F73258A26A20020F5C3 /* Release */ = {
			isa = XCBuildConfiguration;
			buildSettings = {
				ASSETCATALOG_COMPILER_APPICON_NAME = AppIcon;
				ASSETCATALOG_COMPILER_GLOBAL_ACCENT_COLOR_NAME = AccentColor;
				CODE_SIGN_STYLE = Automatic;
				DEVELOPMENT_TEAM = W7PJV9H8MC;
				INFOPLIST_FILE = MobileObjectDetector/Info.plist;
				LD_RUNPATH_SEARCH_PATHS = (
					"$(inherited)",
					"@executable_path/Frameworks",
				);
				PRODUCT_BUNDLE_IDENTIFIER = com.d.dluznevskij.MobileObjectDetector;
				PRODUCT_NAME = "$(TARGET_NAME)";
				SWIFT_VERSION = 5.0;
				TARGETED_DEVICE_FAMILY = "1,2";
			};
			name = Release;
		};
/* End XCBuildConfiguration section */

/* Begin XCConfigurationList section */
		777D6F58258A26A00020F5C3 /* Build configuration list for PBXProject "MobileObjectDetector" */ = {
			isa = XCConfigurationList;
			buildConfigurations = (
				777D6F6F258A26A20020F5C3 /* Debug */,
				777D6F70258A26A20020F5C3 /* Release */,
			);
			defaultConfigurationIsVisible = 0;
			defaultConfigurationName = Release;
		};
		777D6F71258A26A20020F5C3 /* Build configuration list for PBXNativeTarget "MobileObjectDetector" */ = {
			isa = XCConfigurationList;
			buildConfigurations = (
				777D6F72258A26A20020F5C3 /* Debug */,
				777D6F73258A26A20020F5C3 /* Release */,
			);
			defaultConfigurationIsVisible = 0;
			defaultConfigurationName = Release;
		};
/* End XCConfigurationList section */

/* Begin XCRemoteSwiftPackageReference section */
		9325DD8B258D3C4B00494E5B /* XCRemoteSwiftPackageReference "RxSwift" */ = {
			isa = XCRemoteSwiftPackageReference;
			repositoryURL = "https://github.com/ReactiveX/RxSwift.git";
			requirement = {
				kind = upToNextMajorVersion;
				minimumVersion = 5.1.1;
			};
		};
		9325DD95258D3CC500494E5B /* XCRemoteSwiftPackageReference "RxGesture" */ = {
			isa = XCRemoteSwiftPackageReference;
			repositoryURL = "https://github.com/RxSwiftCommunity/RxGesture";
			requirement = {
				kind = upToNextMajorVersion;
				minimumVersion = 3.0.3;
			};
		};
		93304932258A83CC00AC3C91 /* XCRemoteSwiftPackageReference "RxSwift" */ = {
			isa = XCRemoteSwiftPackageReference;
			repositoryURL = "https://github.com/ReactiveX/RxSwift.git";
			requirement = {
				kind = upToNextMajorVersion;
				minimumVersion = 6.0.0;
			};
		};
/* End XCRemoteSwiftPackageReference section */

/* Begin XCSwiftPackageProductDependency section */
		9324E977258BD84E007475FE /* RxCocoa */ = {
			isa = XCSwiftPackageProductDependency;
			package = 93304932258A83CC00AC3C91 /* XCRemoteSwiftPackageReference "RxSwift" */;
			productName = RxCocoa;
		};
		9324E979258BD84E007475FE /* RxRelay */ = {
			isa = XCSwiftPackageProductDependency;
			package = 93304932258A83CC00AC3C91 /* XCRemoteSwiftPackageReference "RxSwift" */;
			productName = RxRelay;
		};
		9324E97B258BD84E007475FE /* RxSwift */ = {
			isa = XCSwiftPackageProductDependency;
			package = 93304932258A83CC00AC3C91 /* XCRemoteSwiftPackageReference "RxSwift" */;
			productName = RxSwift;
		};
		9325DD8C258D3C4B00494E5B /* RxSwift */ = {
			isa = XCSwiftPackageProductDependency;
			package = 9325DD8B258D3C4B00494E5B /* XCRemoteSwiftPackageReference "RxSwift" */;
			productName = RxSwift;
		};
		9325DD8E258D3C4B00494E5B /* RxRelay */ = {
			isa = XCSwiftPackageProductDependency;
			package = 9325DD8B258D3C4B00494E5B /* XCRemoteSwiftPackageReference "RxSwift" */;
			productName = RxRelay;
		};
		9325DD90258D3C4B00494E5B /* RxCocoa */ = {
			isa = XCSwiftPackageProductDependency;
			package = 9325DD8B258D3C4B00494E5B /* XCRemoteSwiftPackageReference "RxSwift" */;
			productName = RxCocoa;
		};
		9325DD96258D3CC500494E5B /* RxGesture */ = {
			isa = XCSwiftPackageProductDependency;
			package = 9325DD95258D3CC500494E5B /* XCRemoteSwiftPackageReference "RxGesture" */;
			productName = RxGesture;
		};
/* End XCSwiftPackageProductDependency section */
	};
	rootObject = 777D6F55258A26A00020F5C3 /* Project object */;
}
